
Microsoft Visual Studio Solution File, Format Version 12.00
# Visual Studio Version 17
VisualStudioVersion = 17.5.33530.505
MinimumVisualStudioVersion = 10.0.40219.1
Project("{FAE04EC0-301F-11D3-BF4B-00C04F79EFBC}") = "Antarctica_Website", "Antarctica_Website\Antarctica_Website.csproj", "{F261E49C-E974-4E4A-AFA3-5710DA797523}"
EndProject
Global
	GlobalSection(SolutionConfigurationPlatforms) = preSolution
		Debug|Any CPU = Debug|Any CPU
		Release|Any CPU = Release|Any CPU
	EndGlobalSection
	GlobalSection(ProjectConfigurationPlatforms) = postSolution
		{F261E49C-E974-4E4A-AFA3-5710DA797523}.Debug|Any CPU.ActiveCfg = Debug|Any CPU
		{F261E49C-E974-4E4A-AFA3-5710DA797523}.Debug|Any CPU.Build.0 = Debug|Any CPU
		{F261E49C-E974-4E4A-AFA3-5710DA797523}.Release|Any CPU.ActiveCfg = Release|Any CPU
		{F261E49C-E974-4E4A-AFA3-5710DA797523}.Release|Any CPU.Build.0 = Release|Any CPU
	EndGlobalSection
	GlobalSection(SolutionProperties) = preSolution
		HideSolutionNode = FALSE
	EndGlobalSection
	GlobalSection(ExtensibilityGlobals) = postSolution
		SolutionGuid = {CD6BE1C6-B3BE-466B-AAA8-C18C26A76005}
	EndGlobalSection
EndGlobal
